// !$*UTF8*$!
{
	archiveVersion = 1;
	classes = {
	};
	objectVersion = 56;
	objects = {

/* Begin PBXBuildFile section */
		193CBEFA2910146400FF73EB /* PlaySound.swift in Sources */ = {isa = PBXBuildFile; fileRef = 193CBEF92910146400FF73EB /* PlaySound.swift */; };
		1991DCE6290C1F5A003412A5 /* Slot_MachineApp.swift in Sources */ = {isa = PBXBuildFile; fileRef = 1991DCE5290C1F5A003412A5 /* Slot_MachineApp.swift */; };
		1991DCE8290C1F5A003412A5 /* ContentView.swift in Sources */ = {isa = PBXBuildFile; fileRef = 1991DCE7290C1F5A003412A5 /* ContentView.swift */; };
		1991DCEA290C1F5B003412A5 /* Assets.xcassets in Resources */ = {isa = PBXBuildFile; fileRef = 1991DCE9290C1F5B003412A5 /* Assets.xcassets */; };
		1991DCED290C1F5B003412A5 /* Preview Assets.xcassets in Resources */ = {isa = PBXBuildFile; fileRef = 1991DCEC290C1F5B003412A5 /* Preview Assets.xcassets */; };
		1991DCFB290C244A003412A5 /* riseup.mp3 in Resources */ = {isa = PBXBuildFile; fileRef = 1991DCF3290C244A003412A5 /* riseup.mp3 */; };
		1991DCFC290C244A003412A5 /* background-music.mp3 in Resources */ = {isa = PBXBuildFile; fileRef = 1991DCF4290C244A003412A5 /* background-music.mp3 */; };
		1991DCFD290C244A003412A5 /* win.mp3 in Resources */ = {isa = PBXBuildFile; fileRef = 1991DCF5290C244A003412A5 /* win.mp3 */; };
		1991DCFE290C244A003412A5 /* high-score.mp3 in Resources */ = {isa = PBXBuildFile; fileRef = 1991DCF6290C244A003412A5 /* high-score.mp3 */; };
		1991DCFF290C244A003412A5 /* spin.mp3 in Resources */ = {isa = PBXBuildFile; fileRef = 1991DCF7290C244A003412A5 /* spin.mp3 */; };
		1991DD00290C244A003412A5 /* game-over.mp3 in Resources */ = {isa = PBXBuildFile; fileRef = 1991DCF8290C244A003412A5 /* game-over.mp3 */; };
		1991DD01290C244A003412A5 /* chimeup.mp3 in Resources */ = {isa = PBXBuildFile; fileRef = 1991DCF9290C244A003412A5 /* chimeup.mp3 */; };
		1991DD02290C244A003412A5 /* casino-chips.mp3 in Resources */ = {isa = PBXBuildFile; fileRef = 1991DCFA290C244A003412A5 /* casino-chips.mp3 */; };
		1991DD09290C24DD003412A5 /* Launch Screen.storyboard in Resources */ = {isa = PBXBuildFile; fileRef = 1991DD08290C24DD003412A5 /* Launch Screen.storyboard */; };
		1991DD0C290C2C92003412A5 /* LogoView.swift in Sources */ = {isa = PBXBuildFile; fileRef = 1991DD0B290C2C92003412A5 /* LogoView.swift */; };
		1991DD0E290C2D0B003412A5 /* Modifiers.swift in Sources */ = {isa = PBXBuildFile; fileRef = 1991DD0D290C2D0B003412A5 /* Modifiers.swift */; };
		1991DD10290C3035003412A5 /* Extentions.swift in Sources */ = {isa = PBXBuildFile; fileRef = 1991DD0F290C3035003412A5 /* Extentions.swift */; };
		1991DD12290C33E6003412A5 /* ReelView.swift in Sources */ = {isa = PBXBuildFile; fileRef = 1991DD11290C33E6003412A5 /* ReelView.swift */; };
		1991DD14290C46DE003412A5 /* InfoView.swift in Sources */ = {isa = PBXBuildFile; fileRef = 1991DD13290C46DE003412A5 /* InfoView.swift */; };
		19C1056B291028A000F4F959 /* Stickers.xcassets in Resources */ = {isa = PBXBuildFile; fileRef = 19C1056A291028A000F4F959 /* Stickers.xcassets */; };
		19C1056F291028A000F4F959 /* Stickers.appex in Embed Foundation Extensions */ = {isa = PBXBuildFile; fileRef = 19C105682910289F00F4F959 /* Stickers.appex */; platformFilter = ios; settings = {ATTRIBUTES = (RemoveHeadersOnCopy, ); }; };
/* End PBXBuildFile section */

/* Begin PBXContainerItemProxy section */
		19C1056D291028A000F4F959 /* PBXContainerItemProxy */ = {
			isa = PBXContainerItemProxy;
			containerPortal = 1991DCDA290C1F5A003412A5 /* Project object */;
			proxyType = 1;
			remoteGlobalIDString = 19C105672910289F00F4F959;
			remoteInfo = Stickers;
		};
/* End PBXContainerItemProxy section */

/* Begin PBXCopyFilesBuildPhase section */
		19C10573291028A000F4F959 /* Embed Foundation Extensions */ = {
			isa = PBXCopyFilesBuildPhase;
			buildActionMask = 2147483647;
			dstPath = "";
			dstSubfolderSpec = 13;
			files = (
				19C1056F291028A000F4F959 /* Stickers.appex in Embed Foundation Extensions */,
			);
			name = "Embed Foundation Extensions";
			runOnlyForDeploymentPostprocessing = 0;
		};
/* End PBXCopyFilesBuildPhase section */

/* Begin PBXFileReference section */
		193CBEF92910146400FF73EB /* PlaySound.swift */ = {isa = PBXFileReference; lastKnownFileType = sourcecode.swift; path = PlaySound.swift; sourceTree = "<group>"; };
		193CBEFB2910265400FF73EB /* Slot Machine.entitlements */ = {isa = PBXFileReference; lastKnownFileType = text.plist.entitlements; path = "Slot Machine.entitlements"; sourceTree = "<group>"; };
		1991DCE2290C1F5A003412A5 /* Slot Machine.app */ = {isa = PBXFileReference; explicitFileType = wrapper.application; includeInIndex = 0; path = "Slot Machine.app"; sourceTree = BUILT_PRODUCTS_DIR; };
		1991DCE5290C1F5A003412A5 /* Slot_MachineApp.swift */ = {isa = PBXFileReference; lastKnownFileType = sourcecode.swift; path = Slot_MachineApp.swift; sourceTree = "<group>"; };
		1991DCE7290C1F5A003412A5 /* ContentView.swift */ = {isa = PBXFileReference; lastKnownFileType = sourcecode.swift; path = ContentView.swift; sourceTree = "<group>"; };
		1991DCE9290C1F5B003412A5 /* Assets.xcassets */ = {isa = PBXFileReference; lastKnownFileType = folder.assetcatalog; path = Assets.xcassets; sourceTree = "<group>"; };
		1991DCEC290C1F5B003412A5 /* Preview Assets.xcassets */ = {isa = PBXFileReference; lastKnownFileType = folder.assetcatalog; path = "Preview Assets.xcassets"; sourceTree = "<group>"; };
		1991DCF3290C244A003412A5 /* riseup.mp3 */ = {isa = PBXFileReference; lastKnownFileType = audio.mp3; path = riseup.mp3; sourceTree = "<group>"; };
		1991DCF4290C244A003412A5 /* background-music.mp3 */ = {isa = PBXFileReference; lastKnownFileType = audio.mp3; path = "background-music.mp3"; sourceTree = "<group>"; };
		1991DCF5290C244A003412A5 /* win.mp3 */ = {isa = PBXFileReference; lastKnownFileType = audio.mp3; path = win.mp3; sourceTree = "<group>"; };
		1991DCF6290C244A003412A5 /* high-score.mp3 */ = {isa = PBXFileReference; lastKnownFileType = audio.mp3; path = "high-score.mp3"; sourceTree = "<group>"; };
		1991DCF7290C244A003412A5 /* spin.mp3 */ = {isa = PBXFileReference; lastKnownFileType = audio.mp3; path = spin.mp3; sourceTree = "<group>"; };
		1991DCF8290C244A003412A5 /* game-over.mp3 */ = {isa = PBXFileReference; lastKnownFileType = audio.mp3; path = "game-over.mp3"; sourceTree = "<group>"; };
		1991DCF9290C244A003412A5 /* chimeup.mp3 */ = {isa = PBXFileReference; lastKnownFileType = audio.mp3; path = chimeup.mp3; sourceTree = "<group>"; };
		1991DCFA290C244A003412A5 /* casino-chips.mp3 */ = {isa = PBXFileReference; lastKnownFileType = audio.mp3; path = "casino-chips.mp3"; sourceTree = "<group>"; };
		1991DD08290C24DD003412A5 /* Launch Screen.storyboard */ = {isa = PBXFileReference; lastKnownFileType = file.storyboard; path = "Launch Screen.storyboard"; sourceTree = "<group>"; };
		1991DD0A290C2559003412A5 /* Slot-Machine-Info.plist */ = {isa = PBXFileReference; lastKnownFileType = text.plist; path = "Slot-Machine-Info.plist"; sourceTree = SOURCE_ROOT; };
		1991DD0B290C2C92003412A5 /* LogoView.swift */ = {isa = PBXFileReference; lastKnownFileType = sourcecode.swift; path = LogoView.swift; sourceTree = "<group>"; };
		1991DD0D290C2D0B003412A5 /* Modifiers.swift */ = {isa = PBXFileReference; lastKnownFileType = sourcecode.swift; path = Modifiers.swift; sourceTree = "<group>"; };
		1991DD0F290C3035003412A5 /* Extentions.swift */ = {isa = PBXFileReference; lastKnownFileType = sourcecode.swift; path = Extentions.swift; sourceTree = "<group>"; };
		1991DD11290C33E6003412A5 /* ReelView.swift */ = {isa = PBXFileReference; lastKnownFileType = sourcecode.swift; path = ReelView.swift; sourceTree = "<group>"; };
		1991DD13290C46DE003412A5 /* InfoView.swift */ = {isa = PBXFileReference; lastKnownFileType = sourcecode.swift; path = InfoView.swift; sourceTree = "<group>"; };
		19C105682910289F00F4F959 /* Stickers.appex */ = {isa = PBXFileReference; explicitFileType = "wrapper.app-extension"; includeInIndex = 0; path = Stickers.appex; sourceTree = BUILT_PRODUCTS_DIR; };
		19C1056A291028A000F4F959 /* Stickers.xcassets */ = {isa = PBXFileReference; lastKnownFileType = folder.assetcatalog; path = Stickers.xcassets; sourceTree = "<group>"; };
		19C1056C291028A000F4F959 /* Info.plist */ = {isa = PBXFileReference; lastKnownFileType = text.plist.xml; path = Info.plist; sourceTree = "<group>"; };
/* End PBXFileReference section */

/* Begin PBXFrameworksBuildPhase section */
		1991DCDF290C1F5A003412A5 /* Frameworks */ = {
			isa = PBXFrameworksBuildPhase;
			buildActionMask = 2147483647;
			files = (
			);
			runOnlyForDeploymentPostprocessing = 0;
		};
/* End PBXFrameworksBuildPhase section */

/* Begin PBXGroup section */
		1991DCD9290C1F5A003412A5 = {
			isa = PBXGroup;
			children = (
				1991DCE4290C1F5A003412A5 /* Slot Machine */,
				19C105692910289F00F4F959 /* Stickers */,
				1991DCE3290C1F5A003412A5 /* Products */,
			);
			sourceTree = "<group>";
		};
		1991DCE3290C1F5A003412A5 /* Products */ = {
			isa = PBXGroup;
			children = (
				1991DCE2290C1F5A003412A5 /* Slot Machine.app */,
				19C105682910289F00F4F959 /* Stickers.appex */,
			);
			name = Products;
			sourceTree = "<group>";
		};
		1991DCE4290C1F5A003412A5 /* Slot Machine */ = {
			isa = PBXGroup;
			children = (
				193CBEFB2910265400FF73EB /* Slot Machine.entitlements */,
				1991DD0A290C2559003412A5 /* Slot-Machine-Info.plist */,
				1991DD06290C248E003412A5 /* App */,
				1991DD05290C2485003412A5 /* Views */,
				1991DD07290C24AA003412A5 /* Helpers */,
				1991DD03290C2464003412A5 /* Sounds */,
				1991DCE9290C1F5B003412A5 /* Assets.xcassets */,
				1991DCEB290C1F5B003412A5 /* Preview Content */,
				1991DD08290C24DD003412A5 /* Launch Screen.storyboard */,
			);
			path = "Slot Machine";
			sourceTree = "<group>";
		};
		1991DCEB290C1F5B003412A5 /* Preview Content */ = {
			isa = PBXGroup;
			children = (
				1991DCEC290C1F5B003412A5 /* Preview Assets.xcassets */,
			);
			path = "Preview Content";
			sourceTree = "<group>";
		};
		1991DD03290C2464003412A5 /* Sounds */ = {
			isa = PBXGroup;
			children = (
				1991DCF4290C244A003412A5 /* background-music.mp3 */,
				1991DCFA290C244A003412A5 /* casino-chips.mp3 */,
				1991DCF9290C244A003412A5 /* chimeup.mp3 */,
				1991DCF8290C244A003412A5 /* game-over.mp3 */,
				1991DCF6290C244A003412A5 /* high-score.mp3 */,
				1991DCF3290C244A003412A5 /* riseup.mp3 */,
				1991DCF7290C244A003412A5 /* spin.mp3 */,
				1991DCF5290C244A003412A5 /* win.mp3 */,
			);
			path = Sounds;
			sourceTree = "<group>";
		};
		1991DD05290C2485003412A5 /* Views */ = {
			isa = PBXGroup;
			children = (
				1991DCE7290C1F5A003412A5 /* ContentView.swift */,
				1991DD0B290C2C92003412A5 /* LogoView.swift */,
				1991DD11290C33E6003412A5 /* ReelView.swift */,
				1991DD13290C46DE003412A5 /* InfoView.swift */,
			);
			path = Views;
			sourceTree = "<group>";
		};
		1991DD06290C248E003412A5 /* App */ = {
			isa = PBXGroup;
			children = (
				1991DCE5290C1F5A003412A5 /* Slot_MachineApp.swift */,
			);
			path = App;
			sourceTree = "<group>";
		};
		1991DD07290C24AA003412A5 /* Helpers */ = {
			isa = PBXGroup;
			children = (
				1991DD0D290C2D0B003412A5 /* Modifiers.swift */,
				1991DD0F290C3035003412A5 /* Extentions.swift */,
				193CBEF92910146400FF73EB /* PlaySound.swift */,
			);
			path = Helpers;
			sourceTree = "<group>";
		};
		19C105692910289F00F4F959 /* Stickers */ = {
			isa = PBXGroup;
			children = (
				19C1056A291028A000F4F959 /* Stickers.xcassets */,
				19C1056C291028A000F4F959 /* Info.plist */,
			);
			path = Stickers;
			sourceTree = "<group>";
		};
/* End PBXGroup section */

/* Begin PBXNativeTarget section */
		1991DCE1290C1F5A003412A5 /* Slot Machine */ = {
			isa = PBXNativeTarget;
			buildConfigurationList = 1991DCF0290C1F5B003412A5 /* Build configuration list for PBXNativeTarget "Slot Machine" */;
			buildPhases = (
				1991DCDE290C1F5A003412A5 /* Sources */,
				1991DCDF290C1F5A003412A5 /* Frameworks */,
				1991DCE0290C1F5A003412A5 /* Resources */,
				19C10573291028A000F4F959 /* Embed Foundation Extensions */,
			);
			buildRules = (
			);
			dependencies = (
				19C1056E291028A000F4F959 /* PBXTargetDependency */,
			);
			name = "Slot Machine";
			productName = "Slot Machine";
			productReference = 1991DCE2290C1F5A003412A5 /* Slot Machine.app */;
			productType = "com.apple.product-type.application";
		};
		19C105672910289F00F4F959 /* Stickers */ = {
			isa = PBXNativeTarget;
			buildConfigurationList = 19C10570291028A000F4F959 /* Build configuration list for PBXNativeTarget "Stickers" */;
			buildPhases = (
				19C105662910289F00F4F959 /* Resources */,
			);
			buildRules = (
			);
			dependencies = (
			);
			name = Stickers;
			productName = Stickers;
			productReference = 19C105682910289F00F4F959 /* Stickers.appex */;
			productType = "com.apple.product-type.app-extension.messages-sticker-pack";
		};
/* End PBXNativeTarget section */

/* Begin PBXProject section */
		1991DCDA290C1F5A003412A5 /* Project object */ = {
			isa = PBXProject;
			attributes = {
				BuildIndependentTargetsInParallel = 1;
				LastSwiftUpdateCheck = 1400;
				LastUpgradeCheck = 1400;
				TargetAttributes = {
					1991DCE1290C1F5A003412A5 = {
						CreatedOnToolsVersion = 14.0.1;
					};
					19C105672910289F00F4F959 = {
						CreatedOnToolsVersion = 14.0.1;
					};
				};
			};
			buildConfigurationList = 1991DCDD290C1F5A003412A5 /* Build configuration list for PBXProject "Slot Machine" */;
			compatibilityVersion = "Xcode 14.0";
			developmentRegion = en;
			hasScannedForEncodings = 0;
			knownRegions = (
				en,
				Base,
			);
			mainGroup = 1991DCD9290C1F5A003412A5;
			productRefGroup = 1991DCE3290C1F5A003412A5 /* Products */;
			projectDirPath = "";
			projectRoot = "";
			targets = (
				1991DCE1290C1F5A003412A5 /* Slot Machine */,
				19C105672910289F00F4F959 /* Stickers */,
			);
		};
/* End PBXProject section */

/* Begin PBXResourcesBuildPhase section */
		1991DCE0290C1F5A003412A5 /* Resources */ = {
			isa = PBXResourcesBuildPhase;
			buildActionMask = 2147483647;
			files = (
				1991DCFD290C244A003412A5 /* win.mp3 in Resources */,
				1991DCFC290C244A003412A5 /* background-music.mp3 in Resources */,
				1991DCFB290C244A003412A5 /* riseup.mp3 in Resources */,
				1991DD01290C244A003412A5 /* chimeup.mp3 in Resources */,
				1991DCFF290C244A003412A5 /* spin.mp3 in Resources */,
				1991DCED290C1F5B003412A5 /* Preview Assets.xcassets in Resources */,
				1991DD09290C24DD003412A5 /* Launch Screen.storyboard in Resources */,
				1991DCEA290C1F5B003412A5 /* Assets.xcassets in Resources */,
				1991DD00290C244A003412A5 /* game-over.mp3 in Resources */,
				1991DCFE290C244A003412A5 /* high-score.mp3 in Resources */,
				1991DD02290C244A003412A5 /* casino-chips.mp3 in Resources */,
			);
			runOnlyForDeploymentPostprocessing = 0;
		};
		19C105662910289F00F4F959 /* Resources */ = {
			isa = PBXResourcesBuildPhase;
			buildActionMask = 2147483647;
			files = (
				19C1056B291028A000F4F959 /* Stickers.xcassets in Resources */,
			);
			runOnlyForDeploymentPostprocessing = 0;
		};
/* End PBXResourcesBuildPhase section */

/* Begin PBXSourcesBuildPhase section */
		1991DCDE290C1F5A003412A5 /* Sources */ = {
			isa = PBXSourcesBuildPhase;
			buildActionMask = 2147483647;
			files = (
				1991DD12290C33E6003412A5 /* ReelView.swift in Sources */,
				193CBEFA2910146400FF73EB /* PlaySound.swift in Sources */,
				1991DD0E290C2D0B003412A5 /* Modifiers.swift in Sources */,
				1991DCE8290C1F5A003412A5 /* ContentView.swift in Sources */,
				1991DD10290C3035003412A5 /* Extentions.swift in Sources */,
				1991DD0C290C2C92003412A5 /* LogoView.swift in Sources */,
				1991DCE6290C1F5A003412A5 /* Slot_MachineApp.swift in Sources */,
				1991DD14290C46DE003412A5 /* InfoView.swift in Sources */,
			);
			runOnlyForDeploymentPostprocessing = 0;
		};
/* End PBXSourcesBuildPhase section */

/* Begin PBXTargetDependency section */
		19C1056E291028A000F4F959 /* PBXTargetDependency */ = {
			isa = PBXTargetDependency;
			target = 19C105672910289F00F4F959 /* Stickers */;
			targetProxy = 19C1056D291028A000F4F959 /* PBXContainerItemProxy */;
		};
/* End PBXTargetDependency section */

/* Begin XCBuildConfiguration section */
		1991DCEE290C1F5B003412A5 /* Debug */ = {
			isa = XCBuildConfiguration;
			buildSettings = {
				ALWAYS_SEARCH_USER_PATHS = NO;
				CLANG_ANALYZER_NONNULL = YES;
				CLANG_ANALYZER_NUMBER_OBJECT_CONVERSION = YES_AGGRESSIVE;
				CLANG_CXX_LANGUAGE_STANDARD = "gnu++20";
				CLANG_ENABLE_MODULES = YES;
				CLANG_ENABLE_OBJC_ARC = YES;
				CLANG_ENABLE_OBJC_WEAK = YES;
				CLANG_WARN_BLOCK_CAPTURE_AUTORELEASING = YES;
				CLANG_WARN_BOOL_CONVERSION = YES;
				CLANG_WARN_COMMA = YES;
				CLANG_WARN_CONSTANT_CONVERSION = YES;
				CLANG_WARN_DEPRECATED_OBJC_IMPLEMENTATIONS = YES;
				CLANG_WARN_DIRECT_OBJC_ISA_USAGE = YES_ERROR;
				CLANG_WARN_DOCUMENTATION_COMMENTS = YES;
				CLANG_WARN_EMPTY_BODY = YES;
				CLANG_WARN_ENUM_CONVERSION = YES;
				CLANG_WARN_INFINITE_RECURSION = YES;
				CLANG_WARN_INT_CONVERSION = YES;
				CLANG_WARN_NON_LITERAL_NULL_CONVERSION = YES;
				CLANG_WARN_OBJC_IMPLICIT_RETAIN_SELF = YES;
				CLANG_WARN_OBJC_LITERAL_CONVERSION = YES;
				CLANG_WARN_OBJC_ROOT_CLASS = YES_ERROR;
				CLANG_WARN_QUOTED_INCLUDE_IN_FRAMEWORK_HEADER = YES;
				CLANG_WARN_RANGE_LOOP_ANALYSIS = YES;
				CLANG_WARN_STRICT_PROTOTYPES = YES;
				CLANG_WARN_SUSPICIOUS_MOVE = YES;
				CLANG_WARN_UNGUARDED_AVAILABILITY = YES_AGGRESSIVE;
				CLANG_WARN_UNREACHABLE_CODE = YES;
				CLANG_WARN__DUPLICATE_METHOD_MATCH = YES;
				COPY_PHASE_STRIP = NO;
				DEBUG_INFORMATION_FORMAT = dwarf;
				ENABLE_STRICT_OBJC_MSGSEND = YES;
				ENABLE_TESTABILITY = YES;
				GCC_C_LANGUAGE_STANDARD = gnu11;
				GCC_DYNAMIC_NO_PIC = NO;
				GCC_NO_COMMON_BLOCKS = YES;
				GCC_OPTIMIZATION_LEVEL = 0;
				GCC_PREPROCESSOR_DEFINITIONS = (
					"DEBUG=1",
					"$(inherited)",
				);
				GCC_WARN_64_TO_32_BIT_CONVERSION = YES;
				GCC_WARN_ABOUT_RETURN_TYPE = YES_ERROR;
				GCC_WARN_UNDECLARED_SELECTOR = YES;
				GCC_WARN_UNINITIALIZED_AUTOS = YES_AGGRESSIVE;
				GCC_WARN_UNUSED_FUNCTION = YES;
				GCC_WARN_UNUSED_VARIABLE = YES;
				IPHONEOS_DEPLOYMENT_TARGET = 16.0;
				MTL_ENABLE_DEBUG_INFO = INCLUDE_SOURCE;
				MTL_FAST_MATH = YES;
				ONLY_ACTIVE_ARCH = YES;
				SDKROOT = iphoneos;
				SWIFT_ACTIVE_COMPILATION_CONDITIONS = DEBUG;
				SWIFT_OPTIMIZATION_LEVEL = "-Onone";
			};
			name = Debug;
		};
		1991DCEF290C1F5B003412A5 /* Release */ = {
			isa = XCBuildConfiguration;
			buildSettings = {
				ALWAYS_SEARCH_USER_PATHS = NO;
				CLANG_ANALYZER_NONNULL = YES;
				CLANG_ANALYZER_NUMBER_OBJECT_CONVERSION = YES_AGGRESSIVE;
				CLANG_CXX_LANGUAGE_STANDARD = "gnu++20";
				CLANG_ENABLE_MODULES = YES;
				CLANG_ENABLE_OBJC_ARC = YES;
				CLANG_ENABLE_OBJC_WEAK = YES;
				CLANG_WARN_BLOCK_CAPTURE_AUTORELEASING = YES;
				CLANG_WARN_BOOL_CONVERSION = YES;
				CLANG_WARN_COMMA = YES;
				CLANG_WARN_CONSTANT_CONVERSION = YES;
				CLANG_WARN_DEPRECATED_OBJC_IMPLEMENTATIONS = YES;
				CLANG_WARN_DIRECT_OBJC_ISA_USAGE = YES_ERROR;
				CLANG_WARN_DOCUMENTATION_COMMENTS = YES;
				CLANG_WARN_EMPTY_BODY = YES;
				CLANG_WARN_ENUM_CONVERSION = YES;
				CLANG_WARN_INFINITE_RECURSION = YES;
				CLANG_WARN_INT_CONVERSION = YES;
				CLANG_WARN_NON_LITERAL_NULL_CONVERSION = YES;
				CLANG_WARN_OBJC_IMPLICIT_RETAIN_SELF = YES;
				CLANG_WARN_OBJC_LITERAL_CONVERSION = YES;
				CLANG_WARN_OBJC_ROOT_CLASS = YES_ERROR;
				CLANG_WARN_QUOTED_INCLUDE_IN_FRAMEWORK_HEADER = YES;
				CLANG_WARN_RANGE_LOOP_ANALYSIS = YES;
				CLANG_WARN_STRICT_PROTOTYPES = YES;
				CLANG_WARN_SUSPICIOUS_MOVE = YES;
				CLANG_WARN_UNGUARDED_AVAILABILITY = YES_AGGRESSIVE;
				CLANG_WARN_UNREACHABLE_CODE = YES;
				CLANG_WARN__DUPLICATE_METHOD_MATCH = YES;
				COPY_PHASE_STRIP = NO;
				DEBUG_INFORMATION_FORMAT = "dwarf-with-dsym";
				ENABLE_NS_ASSERTIONS = NO;
				ENABLE_STRICT_OBJC_MSGSEND = YES;
				GCC_C_LANGUAGE_STANDARD = gnu11;
				GCC_NO_COMMON_BLOCKS = YES;
				GCC_WARN_64_TO_32_BIT_CONVERSION = YES;
				GCC_WARN_ABOUT_RETURN_TYPE = YES_ERROR;
				GCC_WARN_UNDECLARED_SELECTOR = YES;
				GCC_WARN_UNINITIALIZED_AUTOS = YES_AGGRESSIVE;
				GCC_WARN_UNUSED_FUNCTION = YES;
				GCC_WARN_UNUSED_VARIABLE = YES;
				IPHONEOS_DEPLOYMENT_TARGET = 16.0;
				MTL_ENABLE_DEBUG_INFO = NO;
				MTL_FAST_MATH = YES;
				SDKROOT = iphoneos;
				SWIFT_COMPILATION_MODE = wholemodule;
				SWIFT_OPTIMIZATION_LEVEL = "-O";
				VALIDATE_PRODUCT = YES;
			};
			name = Release;
		};
		1991DCF1290C1F5B003412A5 /* Debug */ = {
			isa = XCBuildConfiguration;
			buildSettings = {
				ASSETCATALOG_COMPILER_APPICON_NAME = AppIcon;
				ASSETCATALOG_COMPILER_GLOBAL_ACCENT_COLOR_NAME = AccentColor;
				CODE_SIGN_ENTITLEMENTS = "Slot Machine/Slot Machine.entitlements";
				CODE_SIGN_STYLE = Automatic;
				CURRENT_PROJECT_VERSION = 1;
				DEVELOPMENT_ASSET_PATHS = "\"Slot Machine/Preview Content\"";
				DEVELOPMENT_TEAM = DRAYTJ9KWG;
				ENABLE_PREVIEWS = YES;
				GENERATE_INFOPLIST_FILE = YES;
				INFOPLIST_FILE = "Slot-Machine-Info.plist";
				INFOPLIST_KEY_UIApplicationSceneManifest_Generation = YES;
				INFOPLIST_KEY_UIApplicationSupportsIndirectInputEvents = YES;
				INFOPLIST_KEY_UILaunchScreen_Generation = YES;
				INFOPLIST_KEY_UILaunchStoryboardName = "Launch Screen.storyboard";
				INFOPLIST_KEY_UIStatusBarStyle = UIStatusBarStyleLightContent;
				INFOPLIST_KEY_UISupportedInterfaceOrientations = UIInterfaceOrientationPortrait;
				IPHONEOS_DEPLOYMENT_TARGET = 15.0;
				LD_RUNPATH_SEARCH_PATHS = (
					"$(inherited)",
					"@executable_path/Frameworks",
				);
				MARKETING_VERSION = 1.0;
				PRODUCT_BUNDLE_IDENTIFIER = "com.philipmercury.Slot-Machine";
				PRODUCT_NAME = "$(TARGET_NAME)";
				SUPPORTED_PLATFORMS = "iphoneos iphonesimulator";
				SUPPORTS_MACCATALYST = YES;
				SUPPORTS_MAC_DESIGNED_FOR_IPHONE_IPAD = YES;
				SWIFT_EMIT_LOC_STRINGS = YES;
				SWIFT_VERSION = 5.0;
				TARGETED_DEVICE_FAMILY = "1,2";
			};
			name = Debug;
		};
		1991DCF2290C1F5B003412A5 /* Release */ = {
			isa = XCBuildConfiguration;
			buildSettings = {
				ASSETCATALOG_COMPILER_APPICON_NAME = AppIcon;
				ASSETCATALOG_COMPILER_GLOBAL_ACCENT_COLOR_NAME = AccentColor;
				CODE_SIGN_ENTITLEMENTS = "Slot Machine/Slot Machine.entitlements";
				CODE_SIGN_STYLE = Automatic;
				CURRENT_PROJECT_VERSION = 1;
				DEVELOPMENT_ASSET_PATHS = "\"Slot Machine/Preview Content\"";
				DEVELOPMENT_TEAM = DRAYTJ9KWG;
				ENABLE_PREVIEWS = YES;
				GENERATE_INFOPLIST_FILE = YES;
				INFOPLIST_FILE = "Slot-Machine-Info.plist";
				INFOPLIST_KEY_UIApplicationSceneManifest_Generation = YES;
				INFOPLIST_KEY_UIApplicationSupportsIndirectInputEvents = YES;
				INFOPLIST_KEY_UILaunchScreen_Generation = YES;
				INFOPLIST_KEY_UILaunchStoryboardName = "Launch Screen.storyboard";
				INFOPLIST_KEY_UIStatusBarStyle = UIStatusBarStyleLightContent;
				INFOPLIST_KEY_UISupportedInterfaceOrientations = UIInterfaceOrientationPortrait;
				IPHONEOS_DEPLOYMENT_TARGET = 15.0;
				LD_RUNPATH_SEARCH_PATHS = (
					"$(inherited)",
					"@executable_path/Frameworks",
				);
				MARKETING_VERSION = 1.0;
				PRODUCT_BUNDLE_IDENTIFIER = "com.philipmercury.Slot-Machine";
				PRODUCT_NAME = "$(TARGET_NAME)";
				SUPPORTED_PLATFORMS = "iphoneos iphonesimulator";
				SUPPORTS_MACCATALYST = YES;
				SUPPORTS_MAC_DESIGNED_FOR_IPHONE_IPAD = YES;
				SWIFT_EMIT_LOC_STRINGS = YES;
				SWIFT_VERSION = 5.0;
				TARGETED_DEVICE_FAMILY = "1,2";
			};
			name = Release;
		};
		19C10571291028A000F4F959 /* Debug */ = {
			isa = XCBuildConfiguration;
			buildSettings = {
				ASSETCATALOG_COMPILER_APPICON_NAME = "iMessage App Icon";
				CODE_SIGN_STYLE = Automatic;
				CURRENT_PROJECT_VERSION = 1;
				DEVELOPMENT_TEAM = DRAYTJ9KWG;
				GENERATE_INFOPLIST_FILE = YES;
				INFOPLIST_FILE = Stickers/Info.plist;
				INFOPLIST_KEY_CFBundleDisplayName = "Slot Machine";
				MARKETING_VERSION = 1.0;
				PRODUCT_BUNDLE_IDENTIFIER = "com.philipmercury.Slot-Machine.Stickers";
				PRODUCT_NAME = "$(TARGET_NAME)";
				SKIP_INSTALL = YES;
				SWIFT_EMIT_LOC_STRINGS = YES;
				TARGETED_DEVICE_FAMILY = "1,2";
			};
			name = Debug;
		};
		19C10572291028A000F4F959 /* Release */ = {
			isa = XCBuildConfiguration;
			buildSettings = {
				ASSETCATALOG_COMPILER_APPICON_NAME = "iMessage App Icon";
				CODE_SIGN_STYLE = Automatic;
				CURRENT_PROJECT_VERSION = 1;
				DEVELOPMENT_TEAM = DRAYTJ9KWG;
				GENERATE_INFOPLIST_FILE = YES;
				INFOPLIST_FILE = Stickers/Info.plist;
				INFOPLIST_KEY_CFBundleDisplayName = "Slot Machine";
				MARKETING_VERSION = 1.0;
				PRODUCT_BUNDLE_IDENTIFIER = "com.philipmercury.Slot-Machine.Stickers";
				PRODUCT_NAME = "$(TARGET_NAME)";
				SKIP_INSTALL = YES;
				SWIFT_EMIT_LOC_STRINGS = YES;
				TARGETED_DEVICE_FAMILY = "1,2";
			};
			name = Release;
		};
/* End XCBuildConfiguration section */

/* Begin XCConfigurationList section */
		1991DCDD290C1F5A003412A5 /* Build configuration list for PBXProject "Slot Machine" */ = {
			isa = XCConfigurationList;
			buildConfigurations = (
				1991DCEE290C1F5B003412A5 /* Debug */,
				1991DCEF290C1F5B003412A5 /* Release */,
			);
			defaultConfigurationIsVisible = 0;
			defaultConfigurationName = Release;
		};
		1991DCF0290C1F5B003412A5 /* Build configuration list for PBXNativeTarget "Slot Machine" */ = {
			isa = XCConfigurationList;
			buildConfigurations = (
				1991DCF1290C1F5B003412A5 /* Debug */,
				1991DCF2290C1F5B003412A5 /* Release */,
			);
			defaultConfigurationIsVisible = 0;
			defaultConfigurationName = Release;
		};
		19C10570291028A000F4F959 /* Build configuration list for PBXNativeTarget "Stickers" */ = {
			isa = XCConfigurationList;
			buildConfigurations = (
				19C10571291028A000F4F959 /* Debug */,
				19C10572291028A000F4F959 /* Release */,
			);
			defaultConfigurationIsVisible = 0;
			defaultConfigurationName = Release;
		};
/* End XCConfigurationList section */
	};
	rootObject = 1991DCDA290C1F5A003412A5 /* Project object */;
}
